Microsoft Visual Studio Solution File, Format Version 12.00
# Visual Studio Version 17
VisualStudioVersion = 17.5.2.0
MinimumVisualStudioVersion = 10.0.40219.1
Project("{FAE04EC0-301F-11D3-BF4B-00C04F79EFBC}") = "TravelBot", "TravelBot.csproj", "{A2457A62-F009-5C21-2690-43AF0B71D68A}"
EndProject
Global
	GlobalSection(SolutionConfigurationPlatforms) = preSolution
		Debug|Any CPU = Debug|Any CPU
		Release|Any CPU = Release|Any CPU
	EndGlobalSection
	GlobalSection(ProjectConfigurationPlatforms) = postSolution
		{A2457A62-F009-5C21-2690-43AF0B71D68A}.Debug|Any CPU.ActiveCfg = Debug|Any CPU
		{A2457A62-F009-5C21-2690-43AF0B71D68A}.Debug|Any CPU.Build.0 = Debug|Any CPU
		{A2457A62-F009-5C21-2690-43AF0B71D68A}.Release|Any CPU.ActiveCfg = Release|Any CPU
		{A2457A62-F009-5C21-2690-43AF0B71D68A}.Release|Any CPU.Build.0 = Release|Any CPU
	EndGlobalSection
	GlobalSection(SolutionProperties) = preSolution
		HideSolutionNode = FALSE
	EndGlobalSection
	GlobalSection(ExtensibilityGlobals) = postSolution
		SolutionGuid = {B3407214-7BF6-4A61-8FFD-6FEC0516405A}
	EndGlobalSection
EndGlobal
